
Microsoft Visual Studio Solution File, Format Version 12.00
# Visual Studio 14
VisualStudioVersion = 14.0.24720.0
MinimumVisualStudioVersion = 10.0.40219.1
Project("{FAE04EC0-301F-11D3-BF4B-00C04F79EFBC}") = "CashRegister", "CashRegister\CashRegister.csproj", "{B6B4AB7E-06D1-46F8-A7C7-2D60677ACAE9}"
EndProject
Project("{FAE04EC0-301F-11D3-BF4B-00C04F79EFBC}") = "CashRegisterTest", "CashRegisterTest\CashRegisterTest.csproj", "{A459C495-CC93-4602-AFA4-27AF1C40D5EA}"
EndProject
Global
	GlobalSection(SolutionConfigurationPlatforms) = preSolution
		Debug|Any CPU = Debug|Any CPU
		Release|Any CPU = Release|Any CPU
	EndGlobalSection
	GlobalSection(ProjectConfigurationPlatforms) = postSolution
		{B6B4AB7E-06D1-46F8-A7C7-2D60677ACAE9}.Debug|Any CPU.ActiveCfg = Debug|Any CPU
		{B6B4AB7E-06D1-46F8-A7C7-2D60677ACAE9}.Debug|Any CPU.Build.0 = Debug|Any CPU
		{B6B4AB7E-06D1-46F8-A7C7-2D60677ACAE9}.Release|Any CPU.ActiveCfg = Release|Any CPU
		{B6B4AB7E-06D1-46F8-A7C7-2D60677ACAE9}.Release|Any CPU.Build.0 = Release|Any CPU
		{A459C495-CC93-4602-AFA4-27AF1C40D5EA}.Debug|Any CPU.ActiveCfg = Debug|Any CPU
		{A459C495-CC93-4602-AFA4-27AF1C40D5EA}.Debug|Any CPU.Build.0 = Debug|Any CPU
		{A459C495-CC93-4602-AFA4-27AF1C40D5EA}.Release|Any CPU.ActiveCfg = Release|Any CPU
		{A459C495-CC93-4602-AFA4-27AF1C40D5EA}.Release|Any CPU.Build.0 = Release|Any CPU
	EndGlobalSection
	GlobalSection(SolutionProperties) = preSolution
		HideSolutionNode = FALSE
	EndGlobalSection
EndGlobal
